{
  "nodes": {
    "home-manager": {
      "inputs": {
        "nixpkgs": [
          "nixpkgs"
        ]
      },
      "locked": {
        "lastModified": 1631134124,
        "narHash": "sha256-C17wJ2HyuFZllJ/PbpFuuDjkzWvg8np9UIAdSrpuwS0=",
        "owner": "rycee",
        "repo": "home-manager",
        "rev": "039f786e609fdb3cfd9c5520ff3791750c3eaebf",
        "type": "github"
      },
      "original": {
        "owner": "rycee",
        "ref": "master",
        "repo": "home-manager",
        "type": "github"
      }
    },
    "nixpkgs": {
      "locked": {
        "lastModified": 1631315520,
        "narHash": "sha256-Y8j0JYtZMifrHaWdTfTp1mYVXZ2PLJO/P0XZxMvo7KU=",
        "owner": "NixOS",
        "repo": "nixpkgs",
        "rev": "b72ad04a8a324697d3fb92e19cd840379a902813",
        "type": "github"
      },
      "original": {
        "owner": "NixOS",
        "ref": "nixpkgs-unstable",
        "repo": "nixpkgs",
        "type": "github"
      }
    },
    "nixpkgs-with-linux-5-12": {
      "locked": {
        "lastModified": 1620803068,
        "narHash": "sha256-o4TpuMFs/OoSmssDNyLFwGn+84odwQDfQCHYJxblv6w=",
        "owner": "NixOS",
        "repo": "nixpkgs",
        "rev": "755db9a1e9a35c185f7d6c0463025e94ef44622e",
        "type": "github"
      },
      "original": {
        "owner": "NixOS",
        "ref": "755db9a1e9a35c185f7d6c0463025e94ef44622e",
        "repo": "nixpkgs",
        "type": "github"
      }
    },
    "pinebook-pro": {
      "flake": false,
      "locked": {
        "lastModified": 1630789867,
        "narHash": "sha256-4dTNjvFFI7XODv3vW7Vg+rXx6VU2NMnxhh3HT3dKVq8=",
        "owner": "samueldr",
        "repo": "wip-pinebook-pro",
        "rev": "7df87f4f3baecccba79807c291b3bbd62ac61e0f",
        "type": "github"
      },
      "original": {
        "owner": "samueldr",
        "ref": "7df87f4f3baecccba79807c291b3bbd62ac61e0f",
        "repo": "wip-pinebook-pro",
        "type": "github"
      }
    },
    "root": {
      "inputs": {
        "home-manager": "home-manager",
        "nixpkgs": "nixpkgs",
        "nixpkgs-with-linux-5-12": "nixpkgs-with-linux-5-12",
        "pinebook-pro": "pinebook-pro"
      }
    }
  },
  "root": "root",
  "version": 7
}
